
Microsoft Visual Studio Solution File, Format Version 12.00
# Visual Studio Version 16
VisualStudioVersion = 16.0.30225.117
MinimumVisualStudioVersion = 10.0.40219.1
Project("{8BC9CEB8-8B4A-11D0-8D11-00A0C91BC942}") = "projekt_po", "projekt_po.vcxproj", "{7D4A50B5-A1F2-48AC-95B0-EABA5C738F06}"
EndProject
Global
	GlobalSection(SolutionConfigurationPlatforms) = preSolution
		Debug|x64 = Debug|x64
		Debug|x86 = Debug|x86
		Release|x64 = Release|x64
		Release|x86 = Release|x86
	EndGlobalSection
	GlobalSection(ProjectConfigurationPlatforms) = postSolution
		{7D4A50B5-A1F2-48AC-95B0-EABA5C738F06}.Debug|x64.ActiveCfg = Debug|x64
		{7D4A50B5-A1F2-48AC-95B0-EABA5C738F06}.Debug|x64.Build.0 = Debug|x64
		{7D4A50B5-A1F2-48AC-95B0-EABA5C738F06}.Debug|x86.ActiveCfg = Debug|Win32
		{7D4A50B5-A1F2-48AC-95B0-EABA5C738F06}.Debug|x86.Build.0 = Debug|Win32
		{7D4A50B5-A1F2-48AC-95B0-EABA5C738F06}.Release|x64.ActiveCfg = Release|x64
		{7D4A50B5-A1F2-48AC-95B0-EABA5C738F06}.Release|x64.Build.0 = Release|x64
		{7D4A50B5-A1F2-48AC-95B0-EABA5C738F06}.Release|x86.ActiveCfg = Release|Win32
		{7D4A50B5-A1F2-48AC-95B0-EABA5C738F06}.Release|x86.Build.0 = Release|Win32
	EndGlobalSection
	GlobalSection(SolutionProperties) = preSolution
		HideSolutionNode = FALSE
	EndGlobalSection
	GlobalSection(ExtensibilityGlobals) = postSolution
		SolutionGuid = {81ABE528-BA2E-42EC-858D-CD90A34240B2}
	EndGlobalSection
EndGlobal
